
Microsoft Visual Studio Solution File, Format Version 12.00
# Visual Studio Version 16
VisualStudioVersion = 16.0.29926.136
MinimumVisualStudioVersion = 15.0.26124.0
Project("{9A19103F-16F7-4668-BE54-9A1E7A4F7556}") = "Base Library", "C:\Program Files (x86)\Steam\steamapps\common\sbox\addons\base\Code\Base Library.csproj", "{631BC62C-65F7-5675-710D-5AF9B8DF277B}"
EndProject
Project("{9A19103F-16F7-4668-BE54-9A1E7A4F7556}") = "Base Editor Library", "C:\Program Files (x86)\Steam\steamapps\common\sbox\addons\tools\Code\Base Editor Library.csproj", "{037DABD6-F08B-998C-4AEC-61902B32888A}"
EndProject
Project("{9A19103F-16F7-4668-BE54-9A1E7A4F7556}") = "shadergraph", "C:\Program Files (x86)\Steam\steamapps\common\sbox\editor\ShaderGraph\Code\shadergraph.csproj", "{7F76033B-4D74-4548-EB7B-047D808CA1C5}"
EndProject
Project("{9A19103F-16F7-4668-BE54-9A1E7A4F7556}") = "actiongraph", "C:\Program Files (x86)\Steam\steamapps\common\sbox\editor\ActionGraph\Code\actiongraph.csproj", "{31E37C30-50C6-9939-25DA-C3F0EBC6B094}"
EndProject
Project("{9A19103F-16F7-4668-BE54-9A1E7A4F7556}") = "moviemaker", "C:\Program Files (x86)\Steam\steamapps\common\sbox\editor\MovieMaker\Code\moviemaker.csproj", "{F4282EBB-8428-6EC7-5540-74BB7EE54828}"
EndProject
Project("{9A19103F-16F7-4668-BE54-9A1E7A4F7556}") = "hammer", "C:\Program Files (x86)\Steam\steamapps\common\sbox\editor\Hammer\Code\hammer.csproj", "{7C0FEF68-704B-A17E-856A-4E7B0AADB30C}"
EndProject
Project("{2150E333-8FDC-42A3-9474-1A3956D46DE8}") = "Addons", "Addons", "{7E84B5F6-56F9-A3B2-F215-7A71616B85A2}"
EndProject
Project("{2150E333-8FDC-42A3-9474-1A3956D46DE8}") = "Tools", "Tools", "{91C47821-78DC-6EB2-D97E-14E2D5EF1C9F}"
EndProject

Global
	GlobalSection(SolutionConfigurationPlatforms) = preSolution
		Debug|Any CPU = Debug|Any CPU
		Release|Any CPU = Release|Any CPU
	EndGlobalSection
	GlobalSection(ProjectConfigurationPlatforms) = postSolution
			{631BC62C-65F7-5675-710D-5AF9B8DF277B}.Debug|Any CPU.ActiveCfg = Debug|Any CPU
		{631BC62C-65F7-5675-710D-5AF9B8DF277B}.Debug|Any CPU.Build.0 = Debug|Any CPU
		{631BC62C-65F7-5675-710D-5AF9B8DF277B}.Release|Any CPU.ActiveCfg = Release|Any CPU
		{631BC62C-65F7-5675-710D-5AF9B8DF277B}.Release|Any CPU.Build.0 = Release|Any CPU
		{037DABD6-F08B-998C-4AEC-61902B32888A}.Debug|Any CPU.ActiveCfg = Debug|Any CPU
		{037DABD6-F08B-998C-4AEC-61902B32888A}.Debug|Any CPU.Build.0 = Debug|Any CPU
		{037DABD6-F08B-998C-4AEC-61902B32888A}.Release|Any CPU.ActiveCfg = Release|Any CPU
		{037DABD6-F08B-998C-4AEC-61902B32888A}.Release|Any CPU.Build.0 = Release|Any CPU
		{7F76033B-4D74-4548-EB7B-047D808CA1C5}.Debug|Any CPU.ActiveCfg = Debug|Any CPU
		{7F76033B-4D74-4548-EB7B-047D808CA1C5}.Debug|Any CPU.Build.0 = Debug|Any CPU
		{7F76033B-4D74-4548-EB7B-047D808CA1C5}.Release|Any CPU.ActiveCfg = Release|Any CPU
		{7F76033B-4D74-4548-EB7B-047D808CA1C5}.Release|Any CPU.Build.0 = Release|Any CPU
		{31E37C30-50C6-9939-25DA-C3F0EBC6B094}.Debug|Any CPU.ActiveCfg = Debug|Any CPU
		{31E37C30-50C6-9939-25DA-C3F0EBC6B094}.Debug|Any CPU.Build.0 = Debug|Any CPU
		{31E37C30-50C6-9939-25DA-C3F0EBC6B094}.Release|Any CPU.ActiveCfg = Release|Any CPU
		{31E37C30-50C6-9939-25DA-C3F0EBC6B094}.Release|Any CPU.Build.0 = Release|Any CPU
		{F4282EBB-8428-6EC7-5540-74BB7EE54828}.Debug|Any CPU.ActiveCfg = Debug|Any CPU
		{F4282EBB-8428-6EC7-5540-74BB7EE54828}.Debug|Any CPU.Build.0 = Debug|Any CPU
		{F4282EBB-8428-6EC7-5540-74BB7EE54828}.Release|Any CPU.ActiveCfg = Release|Any CPU
		{F4282EBB-8428-6EC7-5540-74BB7EE54828}.Release|Any CPU.Build.0 = Release|Any CPU
		{7C0FEF68-704B-A17E-856A-4E7B0AADB30C}.Debug|Any CPU.ActiveCfg = Debug|Any CPU
		{7C0FEF68-704B-A17E-856A-4E7B0AADB30C}.Debug|Any CPU.Build.0 = Debug|Any CPU
		{7C0FEF68-704B-A17E-856A-4E7B0AADB30C}.Release|Any CPU.ActiveCfg = Release|Any CPU
		{7C0FEF68-704B-A17E-856A-4E7B0AADB30C}.Release|Any CPU.Build.0 = Release|Any CPU

	EndGlobalSection
	GlobalSection(SolutionProperties) = preSolution
		HideSolutionNode = FALSE
	EndGlobalSection
	GlobalSection(NestedProjects) = preSolution
			{631BC62C-65F7-5675-710D-5AF9B8DF277B} = {7E84B5F6-56F9-A3B2-F215-7A71616B85A2}
		{037DABD6-F08B-998C-4AEC-61902B32888A} = {91C47821-78DC-6EB2-D97E-14E2D5EF1C9F}
		{7F76033B-4D74-4548-EB7B-047D808CA1C5} = {91C47821-78DC-6EB2-D97E-14E2D5EF1C9F}
		{31E37C30-50C6-9939-25DA-C3F0EBC6B094} = {91C47821-78DC-6EB2-D97E-14E2D5EF1C9F}
		{F4282EBB-8428-6EC7-5540-74BB7EE54828} = {91C47821-78DC-6EB2-D97E-14E2D5EF1C9F}
		{7C0FEF68-704B-A17E-856A-4E7B0AADB30C} = {91C47821-78DC-6EB2-D97E-14E2D5EF1C9F}

	EndGlobalSection
	GlobalSection(ExtensibilityGlobals) = postSolution
		SolutionGuid = {FD1E2EC4-D69D-418D-8FBF-4CA3864E5C8C}
	EndGlobalSection
EndGlobal

