<Solution>
  <Configurations>
    <Platform Name="Any CPU" />
  </Configurations>
  <Folder Name="/Addons/">
    <Project Path="F:/sbox-public/game/addons/base/Code/Base Library.csproj" />
  </Folder>
  <Folder Name="/Tools/">
    <Project Path="F:/sbox-public/game/addons/tools/Code/Base Editor Library.csproj" />
    <Project Path="F:/sbox-public/game/editor/ActionGraph/Code/actiongraph.csproj" />
    <Project Path="F:/sbox-public/game/editor/Hammer/Code/hammer.csproj" />
    <Project Path="F:/sbox-public/game/editor/MovieMaker/Code/moviemaker.csproj" />
    <Project Path="F:/sbox-public/game/editor/ShaderGraph/Code/shadergraph.csproj" />
  </Folder>
</Solution>